
Microsoft Visual Studio Solution File, Format Version 12.00
# Visual Studio Version 17
VisualStudioVersion = 17.5.33530.505
MinimumVisualStudioVersion = 10.0.40219.1
Project("{9A19103F-16F7-4668-BE54-9A1E7A4F7556}") = "ESportsFeed.Web", "ESportsFeed\ESportsFeed.Web.csproj", "{D2E5ECFA-49BF-4592-89E3-F98848EB430B}"
EndProject
Project("{9A19103F-16F7-4668-BE54-9A1E7A4F7556}") = "ESportsFeed.Data", "ESportsFeed.Data\ESportsFeed.Data.csproj", "{4D0542DB-26BE-48E6-8D13-09802F322E05}"
EndProject
Project("{2150E333-8FDC-42A3-9474-1A3956D46DE8}") = "Data", "Data", "{93381E4D-78E9-4ABB-B8AB-7975066E3531}"
EndProject
Project("{9A19103F-16F7-4668-BE54-9A1E7A4F7556}") = "ESportsFeed.Data.Common", "ESportsFeed.Data.Common\ESportsFeed.Data.Common.csproj", "{03344CAF-4549-4A87-8787-79E4591293F9}"
EndProject
Project("{9A19103F-16F7-4668-BE54-9A1E7A4F7556}") = "ESportsFeed.Data.Models", "ESportsFeed.Data.Models\ESportsFeed.Data.Models.csproj", "{CDB36C1F-6EC4-4258-807F-4D4A24357883}"
EndProject
Project("{2150E333-8FDC-42A3-9474-1A3956D46DE8}") = "Web", "Web", "{F3A42B9E-B0ED-488D-983B-25B97528212E}"
EndProject
Project("{9A19103F-16F7-4668-BE54-9A1E7A4F7556}") = "ESportsFeed.Web.Common", "EFSportsFeed.Web.Common\ESportsFeed.Web.Common.csproj", "{6CA9506B-B903-4236-B018-159ED8E55D98}"
EndProject
Project("{2150E333-8FDC-42A3-9474-1A3956D46DE8}") = "Services", "Services", "{6B1CA393-B9C1-428E-85BC-B9B2F69595E3}"
EndProject
Project("{9A19103F-16F7-4668-BE54-9A1E7A4F7556}") = "ESportsFeed.Services.Data", "ESportsFeed.Services.Data\ESportsFeed.Services.Data.csproj", "{6903BDC7-16B5-47EC-B250-4D572E6290D4}"
EndProject
Project("{9A19103F-16F7-4668-BE54-9A1E7A4F7556}") = "ESportsFeed.Services.Messaging", "ESportsFeed.Services.Messaging\ESportsFeed.Services.Messaging.csproj", "{6AB2DAEB-3382-4AF6-8538-4A626A768EE7}"
EndProject
Project("{9A19103F-16F7-4668-BE54-9A1E7A4F7556}") = "ESportsFeed.Services.Mapping", "ESportsFeed.Services.Mapping\ESportsFeed.Services.Mapping.csproj", "{19042305-B34E-4E84-834E-CD819E2F23E4}"
EndProject
Project("{9A19103F-16F7-4668-BE54-9A1E7A4F7556}") = "ESportsFeed.Web.DTOs", "ESportsFeed.Web.DTOs\ESportsFeed.Web.DTOs.csproj", "{B3CD0EF5-FC6C-43A4-8ECB-5D6E2E121D28}"
EndProject
Project("{9A19103F-16F7-4668-BE54-9A1E7A4F7556}") = "ESportsFeed.Services.Models", "ESportsFeed.Services.Models\ESportsFeed.Services.Models.csproj", "{454D2787-756A-450D-968E-531CE854D357}"
EndProject
Global
	GlobalSection(SolutionConfigurationPlatforms) = preSolution
		Debug|Any CPU = Debug|Any CPU
		Release|Any CPU = Release|Any CPU
	EndGlobalSection
	GlobalSection(ProjectConfigurationPlatforms) = postSolution
		{D2E5ECFA-49BF-4592-89E3-F98848EB430B}.Debug|Any CPU.ActiveCfg = Debug|Any CPU
		{D2E5ECFA-49BF-4592-89E3-F98848EB430B}.Debug|Any CPU.Build.0 = Debug|Any CPU
		{D2E5ECFA-49BF-4592-89E3-F98848EB430B}.Release|Any CPU.ActiveCfg = Release|Any CPU
		{D2E5ECFA-49BF-4592-89E3-F98848EB430B}.Release|Any CPU.Build.0 = Release|Any CPU
		{4D0542DB-26BE-48E6-8D13-09802F322E05}.Debug|Any CPU.ActiveCfg = Debug|Any CPU
		{4D0542DB-26BE-48E6-8D13-09802F322E05}.Debug|Any CPU.Build.0 = Debug|Any CPU
		{4D0542DB-26BE-48E6-8D13-09802F322E05}.Release|Any CPU.ActiveCfg = Release|Any CPU
		{4D0542DB-26BE-48E6-8D13-09802F322E05}.Release|Any CPU.Build.0 = Release|Any CPU
		{03344CAF-4549-4A87-8787-79E4591293F9}.Debug|Any CPU.ActiveCfg = Debug|Any CPU
		{03344CAF-4549-4A87-8787-79E4591293F9}.Debug|Any CPU.Build.0 = Debug|Any CPU
		{03344CAF-4549-4A87-8787-79E4591293F9}.Release|Any CPU.ActiveCfg = Release|Any CPU
		{03344CAF-4549-4A87-8787-79E4591293F9}.Release|Any CPU.Build.0 = Release|Any CPU
		{CDB36C1F-6EC4-4258-807F-4D4A24357883}.Debug|Any CPU.ActiveCfg = Debug|Any CPU
		{CDB36C1F-6EC4-4258-807F-4D4A24357883}.Debug|Any CPU.Build.0 = Debug|Any CPU
		{CDB36C1F-6EC4-4258-807F-4D4A24357883}.Release|Any CPU.ActiveCfg = Release|Any CPU
		{CDB36C1F-6EC4-4258-807F-4D4A24357883}.Release|Any CPU.Build.0 = Release|Any CPU
		{6CA9506B-B903-4236-B018-159ED8E55D98}.Debug|Any CPU.ActiveCfg = Debug|Any CPU
		{6CA9506B-B903-4236-B018-159ED8E55D98}.Debug|Any CPU.Build.0 = Debug|Any CPU
		{6CA9506B-B903-4236-B018-159ED8E55D98}.Release|Any CPU.ActiveCfg = Release|Any CPU
		{6CA9506B-B903-4236-B018-159ED8E55D98}.Release|Any CPU.Build.0 = Release|Any CPU
		{6903BDC7-16B5-47EC-B250-4D572E6290D4}.Debug|Any CPU.ActiveCfg = Debug|Any CPU
		{6903BDC7-16B5-47EC-B250-4D572E6290D4}.Debug|Any CPU.Build.0 = Debug|Any CPU
		{6903BDC7-16B5-47EC-B250-4D572E6290D4}.Release|Any CPU.ActiveCfg = Release|Any CPU
		{6903BDC7-16B5-47EC-B250-4D572E6290D4}.Release|Any CPU.Build.0 = Release|Any CPU
		{6AB2DAEB-3382-4AF6-8538-4A626A768EE7}.Debug|Any CPU.ActiveCfg = Debug|Any CPU
		{6AB2DAEB-3382-4AF6-8538-4A626A768EE7}.Debug|Any CPU.Build.0 = Debug|Any CPU
		{6AB2DAEB-3382-4AF6-8538-4A626A768EE7}.Release|Any CPU.ActiveCfg = Release|Any CPU
		{6AB2DAEB-3382-4AF6-8538-4A626A768EE7}.Release|Any CPU.Build.0 = Release|Any CPU
		{19042305-B34E-4E84-834E-CD819E2F23E4}.Debug|Any CPU.ActiveCfg = Debug|Any CPU
		{19042305-B34E-4E84-834E-CD819E2F23E4}.Debug|Any CPU.Build.0 = Debug|Any CPU
		{19042305-B34E-4E84-834E-CD819E2F23E4}.Release|Any CPU.ActiveCfg = Release|Any CPU
		{19042305-B34E-4E84-834E-CD819E2F23E4}.Release|Any CPU.Build.0 = Release|Any CPU
		{B3CD0EF5-FC6C-43A4-8ECB-5D6E2E121D28}.Debug|Any CPU.ActiveCfg = Debug|Any CPU
		{B3CD0EF5-FC6C-43A4-8ECB-5D6E2E121D28}.Debug|Any CPU.Build.0 = Debug|Any CPU
		{B3CD0EF5-FC6C-43A4-8ECB-5D6E2E121D28}.Release|Any CPU.ActiveCfg = Release|Any CPU
		{B3CD0EF5-FC6C-43A4-8ECB-5D6E2E121D28}.Release|Any CPU.Build.0 = Release|Any CPU
		{454D2787-756A-450D-968E-531CE854D357}.Debug|Any CPU.ActiveCfg = Debug|Any CPU
		{454D2787-756A-450D-968E-531CE854D357}.Debug|Any CPU.Build.0 = Debug|Any CPU
		{454D2787-756A-450D-968E-531CE854D357}.Release|Any CPU.ActiveCfg = Release|Any CPU
		{454D2787-756A-450D-968E-531CE854D357}.Release|Any CPU.Build.0 = Release|Any CPU
	EndGlobalSection
	GlobalSection(SolutionProperties) = preSolution
		HideSolutionNode = FALSE
	EndGlobalSection
	GlobalSection(NestedProjects) = preSolution
		{D2E5ECFA-49BF-4592-89E3-F98848EB430B} = {F3A42B9E-B0ED-488D-983B-25B97528212E}
		{4D0542DB-26BE-48E6-8D13-09802F322E05} = {93381E4D-78E9-4ABB-B8AB-7975066E3531}
		{03344CAF-4549-4A87-8787-79E4591293F9} = {93381E4D-78E9-4ABB-B8AB-7975066E3531}
		{CDB36C1F-6EC4-4258-807F-4D4A24357883} = {93381E4D-78E9-4ABB-B8AB-7975066E3531}
		{6CA9506B-B903-4236-B018-159ED8E55D98} = {F3A42B9E-B0ED-488D-983B-25B97528212E}
		{6903BDC7-16B5-47EC-B250-4D572E6290D4} = {6B1CA393-B9C1-428E-85BC-B9B2F69595E3}
		{6AB2DAEB-3382-4AF6-8538-4A626A768EE7} = {6B1CA393-B9C1-428E-85BC-B9B2F69595E3}
		{19042305-B34E-4E84-834E-CD819E2F23E4} = {6B1CA393-B9C1-428E-85BC-B9B2F69595E3}
		{B3CD0EF5-FC6C-43A4-8ECB-5D6E2E121D28} = {F3A42B9E-B0ED-488D-983B-25B97528212E}
		{454D2787-756A-450D-968E-531CE854D357} = {6B1CA393-B9C1-428E-85BC-B9B2F69595E3}
	EndGlobalSection
	GlobalSection(ExtensibilityGlobals) = postSolution
		SolutionGuid = {57E01AF8-1322-424B-B118-F80A040C7D53}
	EndGlobalSection
EndGlobal
