
Microsoft Visual Studio Solution File, Format Version 12.00
# Visual Studio Version 17
VisualStudioVersion = 17.5.33530.505
MinimumVisualStudioVersion = 10.0.40219.1
Project("{FAE04EC0-301F-11D3-BF4B-00C04F79EFBC}") = "ESportsFeed", "ESportsFeed\ESportsFeed.csproj", "{D2E5ECFA-49BF-4592-89E3-F98848EB430B}"
EndProject
Global
	GlobalSection(SolutionConfigurationPlatforms) = preSolution
		Debug|Any CPU = Debug|Any CPU
		Release|Any CPU = Release|Any CPU
	EndGlobalSection
	GlobalSection(ProjectConfigurationPlatforms) = postSolution
		{D2E5ECFA-49BF-4592-89E3-F98848EB430B}.Debug|Any CPU.ActiveCfg = Debug|Any CPU
		{D2E5ECFA-49BF-4592-89E3-F98848EB430B}.Debug|Any CPU.Build.0 = Debug|Any CPU
		{D2E5ECFA-49BF-4592-89E3-F98848EB430B}.Release|Any CPU.ActiveCfg = Release|Any CPU
		{D2E5ECFA-49BF-4592-89E3-F98848EB430B}.Release|Any CPU.Build.0 = Release|Any CPU
	EndGlobalSection
	GlobalSection(SolutionProperties) = preSolution
		HideSolutionNode = FALSE
	EndGlobalSection
	GlobalSection(ExtensibilityGlobals) = postSolution
		SolutionGuid = {57E01AF8-1322-424B-B118-F80A040C7D53}
	EndGlobalSection
EndGlobal
